
Microsoft Visual Studio Solution File, Format Version 12.00
# Visual Studio Version 17
VisualStudioVersion = 17.2.32526.322
MinimumVisualStudioVersion = 10.0.40219.1
Project("{FAE04EC0-301F-11D3-BF4B-00C04F79EFBC}") = "HeroBelemAPI", "HeroBelemAPI\HeroBelemAPI.csproj", "{0E8FD076-DE65-4561-AFF3-215C698098AB}"
EndProject
Global
	GlobalSection(SolutionConfigurationPlatforms) = preSolution
		Debug|Any CPU = Debug|Any CPU
		Release|Any CPU = Release|Any CPU
	EndGlobalSection
	GlobalSection(ProjectConfigurationPlatforms) = postSolution
		{0E8FD076-DE65-4561-AFF3-215C698098AB}.Debug|Any CPU.ActiveCfg = Debug|Any CPU
		{0E8FD076-DE65-4561-AFF3-215C698098AB}.Debug|Any CPU.Build.0 = Debug|Any CPU
		{0E8FD076-DE65-4561-AFF3-215C698098AB}.Release|Any CPU.ActiveCfg = Release|Any CPU
		{0E8FD076-DE65-4561-AFF3-215C698098AB}.Release|Any CPU.Build.0 = Release|Any CPU
	EndGlobalSection
	GlobalSection(SolutionProperties) = preSolution
		HideSolutionNode = FALSE
	EndGlobalSection
	GlobalSection(ExtensibilityGlobals) = postSolution
		SolutionGuid = {1DF4DC73-D159-4993-9206-A6D233FF0CFB}
	EndGlobalSection
EndGlobal
